// !$*UTF8*$!
{
	archiveVersion = 1;
	classes = {
	};
	objectVersion = 56;
	objects = {

/* Begin PBXBuildFile section */
		91A110452AE4D82B007473AB /* AppDelegate.swift in Sources */ = {isa = PBXBuildFile; fileRef = 91A110442AE4D82B007473AB /* AppDelegate.swift */; };
		91A110472AE4D82B007473AB /* SceneDelegate.swift in Sources */ = {isa = PBXBuildFile; fileRef = 91A110462AE4D82B007473AB /* SceneDelegate.swift */; };
		91A110492AE4D82B007473AB /* ViewController.swift in Sources */ = {isa = PBXBuildFile; fileRef = 91A110482AE4D82B007473AB /* ViewController.swift */; };
		91A1104C2AE4D82B007473AB /* Main.storyboard in Resources */ = {isa = PBXBuildFile; fileRef = 91A1104A2AE4D82B007473AB /* Main.storyboard */; };
		91A1104E2AE4D82E007473AB /* Assets.xcassets in Resources */ = {isa = PBXBuildFile; fileRef = 91A1104D2AE4D82E007473AB /* Assets.xcassets */; };
		91A110512AE4D82E007473AB /* LaunchScreen.storyboard in Resources */ = {isa = PBXBuildFile; fileRef = 91A1104F2AE4D82E007473AB /* LaunchScreen.storyboard */; };
		91A1105C2AE4D82F007473AB /* HelloRealityKitTests.swift in Sources */ = {isa = PBXBuildFile; fileRef = 91A1105B2AE4D82F007473AB /* HelloRealityKitTests.swift */; };
		91A110662AE4D82F007473AB /* HelloRealityKitUITests.swift in Sources */ = {isa = PBXBuildFile; fileRef = 91A110652AE4D82F007473AB /* HelloRealityKitUITests.swift */; };
		91A110682AE4D82F007473AB /* HelloRealityKitUITestsLaunchTests.swift in Sources */ = {isa = PBXBuildFile; fileRef = 91A110672AE4D82F007473AB /* HelloRealityKitUITestsLaunchTests.swift */; };
		91A110AC2AE5338A007473AB /* MyARKitPreviewController.swift in Sources */ = {isa = PBXBuildFile; fileRef = 91A110AB2AE53389007473AB /* MyARKitPreviewController.swift */; };
		91A110AE2AE53570007473AB /* AirForce.usdz in Resources */ = {isa = PBXBuildFile; fileRef = 91A110AD2AE53570007473AB /* AirForce.usdz */; };
		91A110B42AE5615F007473AB /* Simple3DShowController.swift in Sources */ = {isa = PBXBuildFile; fileRef = 91A110B32AE5615E007473AB /* Simple3DShowController.swift */; };
/* End PBXBuildFile section */

/* Begin PBXContainerItemProxy section */
		91A110582AE4D82F007473AB /* PBXContainerItemProxy */ = {
			isa = PBXContainerItemProxy;
			containerPortal = 91A110392AE4D82A007473AB /* Project object */;
			proxyType = 1;
			remoteGlobalIDString = 91A110402AE4D82B007473AB;
			remoteInfo = HelloRealityKit;
		};
		91A110622AE4D82F007473AB /* PBXContainerItemProxy */ = {
			isa = PBXContainerItemProxy;
			containerPortal = 91A110392AE4D82A007473AB /* Project object */;
			proxyType = 1;
			remoteGlobalIDString = 91A110402AE4D82B007473AB;
			remoteInfo = HelloRealityKit;
		};
/* End PBXContainerItemProxy section */

/* Begin PBXFileReference section */
		91A110412AE4D82B007473AB /* HelloRealityKit.app */ = {isa = PBXFileReference; explicitFileType = wrapper.application; includeInIndex = 0; path = HelloRealityKit.app; sourceTree = BUILT_PRODUCTS_DIR; };
		91A110442AE4D82B007473AB /* AppDelegate.swift */ = {isa = PBXFileReference; lastKnownFileType = sourcecode.swift; path = AppDelegate.swift; sourceTree = "<group>"; };
		91A110462AE4D82B007473AB /* SceneDelegate.swift */ = {isa = PBXFileReference; lastKnownFileType = sourcecode.swift; path = SceneDelegate.swift; sourceTree = "<group>"; };
		91A110482AE4D82B007473AB /* ViewController.swift */ = {isa = PBXFileReference; lastKnownFileType = sourcecode.swift; path = ViewController.swift; sourceTree = "<group>"; };
		91A1104B2AE4D82B007473AB /* Base */ = {isa = PBXFileReference; lastKnownFileType = file.storyboard; name = Base; path = Base.lproj/Main.storyboard; sourceTree = "<group>"; };
		91A1104D2AE4D82E007473AB /* Assets.xcassets */ = {isa = PBXFileReference; lastKnownFileType = folder.assetcatalog; path = Assets.xcassets; sourceTree = "<group>"; };
		91A110502AE4D82E007473AB /* Base */ = {isa = PBXFileReference; lastKnownFileType = file.storyboard; name = Base; path = Base.lproj/LaunchScreen.storyboard; sourceTree = "<group>"; };
		91A110522AE4D82E007473AB /* Info.plist */ = {isa = PBXFileReference; lastKnownFileType = text.plist.xml; path = Info.plist; sourceTree = "<group>"; };
		91A110572AE4D82F007473AB /* HelloRealityKitTests.xctest */ = {isa = PBXFileReference; explicitFileType = wrapper.cfbundle; includeInIndex = 0; path = HelloRealityKitTests.xctest; sourceTree = BUILT_PRODUCTS_DIR; };
		91A1105B2AE4D82F007473AB /* HelloRealityKitTests.swift */ = {isa = PBXFileReference; lastKnownFileType = sourcecode.swift; path = HelloRealityKitTests.swift; sourceTree = "<group>"; };
		91A110612AE4D82F007473AB /* HelloRealityKitUITests.xctest */ = {isa = PBXFileReference; explicitFileType = wrapper.cfbundle; includeInIndex = 0; path = HelloRealityKitUITests.xctest; sourceTree = BUILT_PRODUCTS_DIR; };
		91A110652AE4D82F007473AB /* HelloRealityKitUITests.swift */ = {isa = PBXFileReference; lastKnownFileType = sourcecode.swift; path = HelloRealityKitUITests.swift; sourceTree = "<group>"; };
		91A110672AE4D82F007473AB /* HelloRealityKitUITestsLaunchTests.swift */ = {isa = PBXFileReference; lastKnownFileType = sourcecode.swift; path = HelloRealityKitUITestsLaunchTests.swift; sourceTree = "<group>"; };
		91A110AB2AE53389007473AB /* MyARKitPreviewController.swift */ = {isa = PBXFileReference; lastKnownFileType = sourcecode.swift; path = MyARKitPreviewController.swift; sourceTree = "<group>"; };
		91A110AD2AE53570007473AB /* AirForce.usdz */ = {isa = PBXFileReference; lastKnownFileType = file.usdz; path = AirForce.usdz; sourceTree = "<group>"; };
		91A110B32AE5615E007473AB /* Simple3DShowController.swift */ = {isa = PBXFileReference; lastKnownFileType = sourcecode.swift; path = Simple3DShowController.swift; sourceTree = "<group>"; };
/* End PBXFileReference section */

/* Begin PBXFrameworksBuildPhase section */
		91A1103E2AE4D82B007473AB /* Frameworks */ = {
			isa = PBXFrameworksBuildPhase;
			buildActionMask = 2147483647;
			files = (
			);
			runOnlyForDeploymentPostprocessing = 0;
		};
		91A110542AE4D82F007473AB /* Frameworks */ = {
			isa = PBXFrameworksBuildPhase;
			buildActionMask = 2147483647;
			files = (
			);
			runOnlyForDeploymentPostprocessing = 0;
		};
		91A1105E2AE4D82F007473AB /* Frameworks */ = {
			isa = PBXFrameworksBuildPhase;
			buildActionMask = 2147483647;
			files = (
			);
			runOnlyForDeploymentPostprocessing = 0;
		};
/* End PBXFrameworksBuildPhase section */

/* Begin PBXGroup section */
		91A110382AE4D82A007473AB = {
			isa = PBXGroup;
			children = (
				91A110432AE4D82B007473AB /* HelloRealityKit */,
				91A1105A2AE4D82F007473AB /* HelloRealityKitTests */,
				91A110642AE4D82F007473AB /* HelloRealityKitUITests */,
				91A110422AE4D82B007473AB /* Products */,
			);
			sourceTree = "<group>";
		};
		91A110422AE4D82B007473AB /* Products */ = {
			isa = PBXGroup;
			children = (
				91A110412AE4D82B007473AB /* HelloRealityKit.app */,
				91A110572AE4D82F007473AB /* HelloRealityKitTests.xctest */,
				91A110612AE4D82F007473AB /* HelloRealityKitUITests.xctest */,
			);
			name = Products;
			sourceTree = "<group>";
		};
		91A110432AE4D82B007473AB /* HelloRealityKit */ = {
			isa = PBXGroup;
			children = (
				91A110AD2AE53570007473AB /* AirForce.usdz */,
				91A110442AE4D82B007473AB /* AppDelegate.swift */,
				91A110462AE4D82B007473AB /* SceneDelegate.swift */,
				91A110482AE4D82B007473AB /* ViewController.swift */,
				91A1104A2AE4D82B007473AB /* Main.storyboard */,
				91A1104D2AE4D82E007473AB /* Assets.xcassets */,
				91A1104F2AE4D82E007473AB /* LaunchScreen.storyboard */,
				91A110522AE4D82E007473AB /* Info.plist */,
				91A110AB2AE53389007473AB /* MyARKitPreviewController.swift */,
				91A110B32AE5615E007473AB /* Simple3DShowController.swift */,
			);
			path = HelloRealityKit;
			sourceTree = "<group>";
		};
		91A1105A2AE4D82F007473AB /* HelloRealityKitTests */ = {
			isa = PBXGroup;
			children = (
				91A1105B2AE4D82F007473AB /* HelloRealityKitTests.swift */,
			);
			path = HelloRealityKitTests;
			sourceTree = "<group>";
		};
		91A110642AE4D82F007473AB /* HelloRealityKitUITests */ = {
			isa = PBXGroup;
			children = (
				91A110652AE4D82F007473AB /* HelloRealityKitUITests.swift */,
				91A110672AE4D82F007473AB /* HelloRealityKitUITestsLaunchTests.swift */,
			);
			path = HelloRealityKitUITests;
			sourceTree = "<group>";
		};
/* End PBXGroup section */

/* Begin PBXNativeTarget section */
		91A110402AE4D82B007473AB /* HelloRealityKit */ = {
			isa = PBXNativeTarget;
			buildConfigurationList = 91A1106B2AE4D82F007473AB /* Build configuration list for PBXNativeTarget "HelloRealityKit" */;
			buildPhases = (
				91A1103D2AE4D82B007473AB /* Sources */,
				91A1103E2AE4D82B007473AB /* Frameworks */,
				91A1103F2AE4D82B007473AB /* Resources */,
			);
			buildRules = (
			);
			dependencies = (
			);
			name = HelloRealityKit;
			productName = HelloRealityKit;
			productReference = 91A110412AE4D82B007473AB /* HelloRealityKit.app */;
			productType = "com.apple.product-type.application";
		};
		91A110562AE4D82F007473AB /* HelloRealityKitTests */ = {
			isa = PBXNativeTarget;
			buildConfigurationList = 91A1106E2AE4D82F007473AB /* Build configuration list for PBXNativeTarget "HelloRealityKitTests" */;
			buildPhases = (
				91A110532AE4D82F007473AB /* Sources */,
				91A110542AE4D82F007473AB /* Frameworks */,
				91A110552AE4D82F007473AB /* Resources */,
			);
			buildRules = (
			);
			dependencies = (
				91A110592AE4D82F007473AB /* PBXTargetDependency */,
			);
			name = HelloRealityKitTests;
			productName = HelloRealityKitTests;
			productReference = 91A110572AE4D82F007473AB /* HelloRealityKitTests.xctest */;
			productType = "com.apple.product-type.bundle.unit-test";
		};
		91A110602AE4D82F007473AB /* HelloRealityKitUITests */ = {
			isa = PBXNativeTarget;
			buildConfigurationList = 91A110712AE4D82F007473AB /* Build configuration list for PBXNativeTarget "HelloRealityKitUITests" */;
			buildPhases = (
				91A1105D2AE4D82F007473AB /* Sources */,
				91A1105E2AE4D82F007473AB /* Frameworks */,
				91A1105F2AE4D82F007473AB /* Resources */,
			);
			buildRules = (
			);
			dependencies = (
				91A110632AE4D82F007473AB /* PBXTargetDependency */,
			);
			name = HelloRealityKitUITests;
			productName = HelloRealityKitUITests;
			productReference = 91A110612AE4D82F007473AB /* HelloRealityKitUITests.xctest */;
			productType = "com.apple.product-type.bundle.ui-testing";
		};
/* End PBXNativeTarget section */

/* Begin PBXProject section */
		91A110392AE4D82A007473AB /* Project object */ = {
			isa = PBXProject;
			attributes = {
				BuildIndependentTargetsInParallel = 1;
				LastSwiftUpdateCheck = 1500;
				LastUpgradeCheck = 1500;
				TargetAttributes = {
					91A110402AE4D82B007473AB = {
						CreatedOnToolsVersion = 15.0;
					};
					91A110562AE4D82F007473AB = {
						CreatedOnToolsVersion = 15.0;
						TestTargetID = 91A110402AE4D82B007473AB;
					};
					91A110602AE4D82F007473AB = {
						CreatedOnToolsVersion = 15.0;
						TestTargetID = 91A110402AE4D82B007473AB;
					};
				};
			};
			buildConfigurationList = 91A1103C2AE4D82A007473AB /* Build configuration list for PBXProject "HelloRealityKit" */;
			compatibilityVersion = "Xcode 14.0";
			developmentRegion = en;
			hasScannedForEncodings = 0;
			knownRegions = (
				en,
				Base,
			);
			mainGroup = 91A110382AE4D82A007473AB;
			productRefGroup = 91A110422AE4D82B007473AB /* Products */;
			projectDirPath = "";
			projectRoot = "";
			targets = (
				91A110402AE4D82B007473AB /* HelloRealityKit */,
				91A110562AE4D82F007473AB /* HelloRealityKitTests */,
				91A110602AE4D82F007473AB /* HelloRealityKitUITests */,
			);
		};
/* End PBXProject section */

/* Begin PBXResourcesBuildPhase section */
		91A1103F2AE4D82B007473AB /* Resources */ = {
			isa = PBXResourcesBuildPhase;
			buildActionMask = 2147483647;
			files = (
				91A110AE2AE53570007473AB /* AirForce.usdz in Resources */,
				91A110512AE4D82E007473AB /* LaunchScreen.storyboard in Resources */,
				91A1104E2AE4D82E007473AB /* Assets.xcassets in Resources */,
				91A1104C2AE4D82B007473AB /* Main.storyboard in Resources */,
			);
			runOnlyForDeploymentPostprocessing = 0;
		};
		91A110552AE4D82F007473AB /* Resources */ = {
			isa = PBXResourcesBuildPhase;
			buildActionMask = 2147483647;
			files = (
			);
			runOnlyForDeploymentPostprocessing = 0;
		};
		91A1105F2AE4D82F007473AB /* Resources */ = {
			isa = PBXResourcesBuildPhase;
			buildActionMask = 2147483647;
			files = (
			);
			runOnlyForDeploymentPostprocessing = 0;
		};
/* End PBXResourcesBuildPhase section */

/* Begin PBXSourcesBuildPhase section */
		91A1103D2AE4D82B007473AB /* Sources */ = {
			isa = PBXSourcesBuildPhase;
			buildActionMask = 2147483647;
			files = (
				91A110AC2AE5338A007473AB /* MyARKitPreviewController.swift in Sources */,
				91A110B42AE5615F007473AB /* Simple3DShowController.swift in Sources */,
				91A110492AE4D82B007473AB /* ViewController.swift in Sources */,
				91A110452AE4D82B007473AB /* AppDelegate.swift in Sources */,
				91A110472AE4D82B007473AB /* SceneDelegate.swift in Sources */,
			);
			runOnlyForDeploymentPostprocessing = 0;
		};
		91A110532AE4D82F007473AB /* Sources */ = {
			isa = PBXSourcesBuildPhase;
			buildActionMask = 2147483647;
			files = (
				91A1105C2AE4D82F007473AB /* HelloRealityKitTests.swift in Sources */,
			);
			runOnlyForDeploymentPostprocessing = 0;
		};
		91A1105D2AE4D82F007473AB /* Sources */ = {
			isa = PBXSourcesBuildPhase;
			buildActionMask = 2147483647;
			files = (
				91A110662AE4D82F007473AB /* HelloRealityKitUITests.swift in Sources */,
				91A110682AE4D82F007473AB /* HelloRealityKitUITestsLaunchTests.swift in Sources */,
			);
			runOnlyForDeploymentPostprocessing = 0;
		};
/* End PBXSourcesBuildPhase section */

/* Begin PBXTargetDependency section */
		91A110592AE4D82F007473AB /* PBXTargetDependency */ = {
			isa = PBXTargetDependency;
			target = 91A110402AE4D82B007473AB /* HelloRealityKit */;
			targetProxy = 91A110582AE4D82F007473AB /* PBXContainerItemProxy */;
		};
		91A110632AE4D82F007473AB /* PBXTargetDependency */ = {
			isa = PBXTargetDependency;
			target = 91A110402AE4D82B007473AB /* HelloRealityKit */;
			targetProxy = 91A110622AE4D82F007473AB /* PBXContainerItemProxy */;
		};
/* End PBXTargetDependency section */

/* Begin PBXVariantGroup section */
		91A1104A2AE4D82B007473AB /* Main.storyboard */ = {
			isa = PBXVariantGroup;
			children = (
				91A1104B2AE4D82B007473AB /* Base */,
			);
			name = Main.storyboard;
			sourceTree = "<group>";
		};
		91A1104F2AE4D82E007473AB /* LaunchScreen.storyboard */ = {
			isa = PBXVariantGroup;
			children = (
				91A110502AE4D82E007473AB /* Base */,
			);
			name = LaunchScreen.storyboard;
			sourceTree = "<group>";
		};
/* End PBXVariantGroup section */

/* Begin XCBuildConfiguration section */
		91A110692AE4D82F007473AB /* Debug */ = {
			isa = XCBuildConfiguration;
			buildSettings = {
				ALWAYS_SEARCH_USER_PATHS = NO;
				ASSETCATALOG_COMPILER_GENERATE_SWIFT_ASSET_SYMBOL_EXTENSIONS = YES;
				CLANG_ANALYZER_NONNULL = YES;
				CLANG_ANALYZER_NUMBER_OBJECT_CONVERSION = YES_AGGRESSIVE;
				CLANG_CXX_LANGUAGE_STANDARD = "gnu++20";
				CLANG_ENABLE_MODULES = YES;
				CLANG_ENABLE_OBJC_ARC = YES;
				CLANG_ENABLE_OBJC_WEAK = YES;
				CLANG_WARN_BLOCK_CAPTURE_AUTORELEASING = YES;
				CLANG_WARN_BOOL_CONVERSION = YES;
				CLANG_WARN_COMMA = YES;
				CLANG_WARN_CONSTANT_CONVERSION = YES;
				CLANG_WARN_DEPRECATED_OBJC_IMPLEMENTATIONS = YES;
				CLANG_WARN_DIRECT_OBJC_ISA_USAGE = YES_ERROR;
				CLANG_WARN_DOCUMENTATION_COMMENTS = YES;
				CLANG_WARN_EMPTY_BODY = YES;
				CLANG_WARN_ENUM_CONVERSION = YES;
				CLANG_WARN_INFINITE_RECURSION = YES;
				CLANG_WARN_INT_CONVERSION = YES;
				CLANG_WARN_NON_LITERAL_NULL_CONVERSION = YES;
				CLANG_WARN_OBJC_IMPLICIT_RETAIN_SELF = YES;
				CLANG_WARN_OBJC_LITERAL_CONVERSION = YES;
				CLANG_WARN_OBJC_ROOT_CLASS = YES_ERROR;
				CLANG_WARN_QUOTED_INCLUDE_IN_FRAMEWORK_HEADER = YES;
				CLANG_WARN_RANGE_LOOP_ANALYSIS = YES;
				CLANG_WARN_STRICT_PROTOTYPES = YES;
				CLANG_WARN_SUSPICIOUS_MOVE = YES;
				CLANG_WARN_UNGUARDED_AVAILABILITY = YES_AGGRESSIVE;
				CLANG_WARN_UNREACHABLE_CODE = YES;
				CLANG_WARN__DUPLICATE_METHOD_MATCH = YES;
				COPY_PHASE_STRIP = NO;
				DEBUG_INFORMATION_FORMAT = dwarf;
				ENABLE_STRICT_OBJC_MSGSEND = YES;
				ENABLE_TESTABILITY = YES;
				ENABLE_USER_SCRIPT_SANDBOXING = YES;
				GCC_C_LANGUAGE_STANDARD = gnu17;
				GCC_DYNAMIC_NO_PIC = NO;
				GCC_NO_COMMON_BLOCKS = YES;
				GCC_OPTIMIZATION_LEVEL = 0;
				GCC_PREPROCESSOR_DEFINITIONS = (
					"DEBUG=1",
					"$(inherited)",
				);
				GCC_WARN_64_TO_32_BIT_CONVERSION = YES;
				GCC_WARN_ABOUT_RETURN_TYPE = YES_ERROR;
				GCC_WARN_UNDECLARED_SELECTOR = YES;
				GCC_WARN_UNINITIALIZED_AUTOS = YES_AGGRESSIVE;
				GCC_WARN_UNUSED_FUNCTION = YES;
				GCC_WARN_UNUSED_VARIABLE = YES;
				IPHONEOS_DEPLOYMENT_TARGET = 13.0;
				LOCALIZATION_PREFERS_STRING_CATALOGS = YES;
				MTL_ENABLE_DEBUG_INFO = INCLUDE_SOURCE;
				MTL_FAST_MATH = YES;
				ONLY_ACTIVE_ARCH = YES;
				SDKROOT = iphoneos;
				SWIFT_ACTIVE_COMPILATION_CONDITIONS = "DEBUG $(inherited)";
				SWIFT_OPTIMIZATION_LEVEL = "-Onone";
			};
			name = Debug;
		};
		91A1106A2AE4D82F007473AB /* Release */ = {
			isa = XCBuildConfiguration;
			buildSettings = {
				ALWAYS_SEARCH_USER_PATHS = NO;
				ASSETCATALOG_COMPILER_GENERATE_SWIFT_ASSET_SYMBOL_EXTENSIONS = YES;
				CLANG_ANALYZER_NONNULL = YES;
				CLANG_ANALYZER_NUMBER_OBJECT_CONVERSION = YES_AGGRESSIVE;
				CLANG_CXX_LANGUAGE_STANDARD = "gnu++20";
				CLANG_ENABLE_MODULES = YES;
				CLANG_ENABLE_OBJC_ARC = YES;
				CLANG_ENABLE_OBJC_WEAK = YES;
				CLANG_WARN_BLOCK_CAPTURE_AUTORELEASING = YES;
				CLANG_WARN_BOOL_CONVERSION = YES;
				CLANG_WARN_COMMA = YES;
				CLANG_WARN_CONSTANT_CONVERSION = YES;
				CLANG_WARN_DEPRECATED_OBJC_IMPLEMENTATIONS = YES;
				CLANG_WARN_DIRECT_OBJC_ISA_USAGE = YES_ERROR;
				CLANG_WARN_DOCUMENTATION_COMMENTS = YES;
				CLANG_WARN_EMPTY_BODY = YES;
				CLANG_WARN_ENUM_CONVERSION = YES;
				CLANG_WARN_INFINITE_RECURSION = YES;
				CLANG_WARN_INT_CONVERSION = YES;
				CLANG_WARN_NON_LITERAL_NULL_CONVERSION = YES;
				CLANG_WARN_OBJC_IMPLICIT_RETAIN_SELF = YES;
				CLANG_WARN_OBJC_LITERAL_CONVERSION = YES;
				CLANG_WARN_OBJC_ROOT_CLASS = YES_ERROR;
				CLANG_WARN_QUOTED_INCLUDE_IN_FRAMEWORK_HEADER = YES;
				CLANG_WARN_RANGE_LOOP_ANALYSIS = YES;
				CLANG_WARN_STRICT_PROTOTYPES = YES;
				CLANG_WARN_SUSPICIOUS_MOVE = YES;
				CLANG_WARN_UNGUARDED_AVAILABILITY = YES_AGGRESSIVE;
				CLANG_WARN_UNREACHABLE_CODE = YES;
				CLANG_WARN__DUPLICATE_METHOD_MATCH = YES;
				COPY_PHASE_STRIP = NO;
				DEBUG_INFORMATION_FORMAT = "dwarf-with-dsym";
				ENABLE_NS_ASSERTIONS = NO;
				ENABLE_STRICT_OBJC_MSGSEND = YES;
				ENABLE_USER_SCRIPT_SANDBOXING = YES;
				GCC_C_LANGUAGE_STANDARD = gnu17;
				GCC_NO_COMMON_BLOCKS = YES;
				GCC_WARN_64_TO_32_BIT_CONVERSION = YES;
				GCC_WARN_ABOUT_RETURN_TYPE = YES_ERROR;
				GCC_WARN_UNDECLARED_SELECTOR = YES;
				GCC_WARN_UNINITIALIZED_AUTOS = YES_AGGRESSIVE;
				GCC_WARN_UNUSED_FUNCTION = YES;
				GCC_WARN_UNUSED_VARIABLE = YES;
				IPHONEOS_DEPLOYMENT_TARGET = 13.0;
				LOCALIZATION_PREFERS_STRING_CATALOGS = YES;
				MTL_ENABLE_DEBUG_INFO = NO;
				MTL_FAST_MATH = YES;
				SDKROOT = iphoneos;
				SWIFT_COMPILATION_MODE = wholemodule;
				VALIDATE_PRODUCT = YES;
			};
			name = Release;
		};
		91A1106C2AE4D82F007473AB /* Debug */ = {
			isa = XCBuildConfiguration;
			buildSettings = {
				ASSETCATALOG_COMPILER_APPICON_NAME = AppIcon;
				ASSETCATALOG_COMPILER_GLOBAL_ACCENT_COLOR_NAME = AccentColor;
				CODE_SIGN_STYLE = Automatic;
				CURRENT_PROJECT_VERSION = 1;
				DEVELOPMENT_TEAM = C7UNH8293N;
				GENERATE_INFOPLIST_FILE = YES;
				INFOPLIST_FILE = HelloRealityKit/Info.plist;
				INFOPLIST_KEY_UIApplicationSupportsIndirectInputEvents = YES;
				INFOPLIST_KEY_UILaunchStoryboardName = LaunchScreen;
				INFOPLIST_KEY_UIMainStoryboardFile = Main;
				INFOPLIST_KEY_UISupportedInterfaceOrientations_iPad = "UIInterfaceOrientationPortrait UIInterfaceOrientationPortraitUpsideDown UIInterfaceOrientationLandscapeLeft UIInterfaceOrientationLandscapeRight";
				INFOPLIST_KEY_UISupportedInterfaceOrientations_iPhone = "UIInterfaceOrientationPortrait UIInterfaceOrientationLandscapeLeft UIInterfaceOrientationLandscapeRight";
				IPHONEOS_DEPLOYMENT_TARGET = 13.0;
				LD_RUNPATH_SEARCH_PATHS = (
					"$(inherited)",
					"@executable_path/Frameworks",
				);
				MARKETING_VERSION = 1.0;
				PRODUCT_BUNDLE_IDENTIFIER = com.zhfei;
				PRODUCT_NAME = "$(TARGET_NAME)";
				SWIFT_EMIT_LOC_STRINGS = YES;
				SWIFT_VERSION = 5.0;
				TARGETED_DEVICE_FAMILY = "1,2";
			};
			name = Debug;
		};
		91A1106D2AE4D82F007473AB /* Release */ = {
			isa = XCBuildConfiguration;
			buildSettings = {
				ASSETCATALOG_COMPILER_APPICON_NAME = AppIcon;
				ASSETCATALOG_COMPILER_GLOBAL_ACCENT_COLOR_NAME = AccentColor;
				CODE_SIGN_STYLE = Automatic;
				CURRENT_PROJECT_VERSION = 1;
				DEVELOPMENT_TEAM = C7UNH8293N;
				GENERATE_INFOPLIST_FILE = YES;
				INFOPLIST_FILE = HelloRealityKit/Info.plist;
				INFOPLIST_KEY_UIApplicationSupportsIndirectInputEvents = YES;
				INFOPLIST_KEY_UILaunchStoryboardName = LaunchScreen;
				INFOPLIST_KEY_UIMainStoryboardFile = Main;
				INFOPLIST_KEY_UISupportedInterfaceOrientations_iPad = "UIInterfaceOrientationPortrait UIInterfaceOrientationPortraitUpsideDown UIInterfaceOrientationLandscapeLeft UIInterfaceOrientationLandscapeRight";
				INFOPLIST_KEY_UISupportedInterfaceOrientations_iPhone = "UIInterfaceOrientationPortrait UIInterfaceOrientationLandscapeLeft UIInterfaceOrientationLandscapeRight";
				IPHONEOS_DEPLOYMENT_TARGET = 13.0;
				LD_RUNPATH_SEARCH_PATHS = (
					"$(inherited)",
					"@executable_path/Frameworks",
				);
				MARKETING_VERSION = 1.0;
				PRODUCT_BUNDLE_IDENTIFIER = com.zhfei;
				PRODUCT_NAME = "$(TARGET_NAME)";
				SWIFT_EMIT_LOC_STRINGS = YES;
				SWIFT_VERSION = 5.0;
				TARGETED_DEVICE_FAMILY = "1,2";
			};
			name = Release;
		};
		91A1106F2AE4D82F007473AB /* Debug */ = {
			isa = XCBuildConfiguration;
			buildSettings = {
				ALWAYS_EMBED_SWIFT_STANDARD_LIBRARIES = YES;
				BUNDLE_LOADER = "$(TEST_HOST)";
				CODE_SIGN_STYLE = Automatic;
				CURRENT_PROJECT_VERSION = 1;
				GENERATE_INFOPLIST_FILE = YES;
				IPHONEOS_DEPLOYMENT_TARGET = 17.0;
				MARKETING_VERSION = 1.0;
				PRODUCT_BUNDLE_IDENTIFIER = zhf.HelloRealityKitTests;
				PRODUCT_NAME = "$(TARGET_NAME)";
				SWIFT_EMIT_LOC_STRINGS = NO;
				SWIFT_VERSION = 5.0;
				TARGETED_DEVICE_FAMILY = "1,2";
				TEST_HOST = "$(BUILT_PRODUCTS_DIR)/HelloRealityKit.app/$(BUNDLE_EXECUTABLE_FOLDER_PATH)/HelloRealityKit";
			};
			name = Debug;
		};
		91A110702AE4D82F007473AB /* Release */ = {
			isa = XCBuildConfiguration;
			buildSettings = {
				ALWAYS_EMBED_SWIFT_STANDARD_LIBRARIES = YES;
				BUNDLE_LOADER = "$(TEST_HOST)";
				CODE_SIGN_STYLE = Automatic;
				CURRENT_PROJECT_VERSION = 1;
				GENERATE_INFOPLIST_FILE = YES;
				IPHONEOS_DEPLOYMENT_TARGET = 17.0;
				MARKETING_VERSION = 1.0;
				PRODUCT_BUNDLE_IDENTIFIER = zhf.HelloRealityKitTests;
				PRODUCT_NAME = "$(TARGET_NAME)";
				SWIFT_EMIT_LOC_STRINGS = NO;
				SWIFT_VERSION = 5.0;
				TARGETED_DEVICE_FAMILY = "1,2";
				TEST_HOST = "$(BUILT_PRODUCTS_DIR)/HelloRealityKit.app/$(BUNDLE_EXECUTABLE_FOLDER_PATH)/HelloRealityKit";
			};
			name = Release;
		};
		91A110722AE4D82F007473AB /* Debug */ = {
			isa = XCBuildConfiguration;
			buildSettings = {
				ALWAYS_EMBED_SWIFT_STANDARD_LIBRARIES = YES;
				CODE_SIGN_STYLE = Automatic;
				CURRENT_PROJECT_VERSION = 1;
				GENERATE_INFOPLIST_FILE = YES;
				MARKETING_VERSION = 1.0;
				PRODUCT_BUNDLE_IDENTIFIER = zhf.HelloRealityKitUITests;
				PRODUCT_NAME = "$(TARGET_NAME)";
				SWIFT_EMIT_LOC_STRINGS = NO;
				SWIFT_VERSION = 5.0;
				TARGETED_DEVICE_FAMILY = "1,2";
				TEST_TARGET_NAME = HelloRealityKit;
			};
			name = Debug;
		};
		91A110732AE4D82F007473AB /* Release */ = {
			isa = XCBuildConfiguration;
			buildSettings = {
				ALWAYS_EMBED_SWIFT_STANDARD_LIBRARIES = YES;
				CODE_SIGN_STYLE = Automatic;
				CURRENT_PROJECT_VERSION = 1;
				GENERATE_INFOPLIST_FILE = YES;
				MARKETING_VERSION = 1.0;
				PRODUCT_BUNDLE_IDENTIFIER = zhf.HelloRealityKitUITests;
				PRODUCT_NAME = "$(TARGET_NAME)";
				SWIFT_EMIT_LOC_STRINGS = NO;
				SWIFT_VERSION = 5.0;
				TARGETED_DEVICE_FAMILY = "1,2";
				TEST_TARGET_NAME = HelloRealityKit;
			};
			name = Release;
		};
/* End XCBuildConfiguration section */

/* Begin XCConfigurationList section */
		91A1103C2AE4D82A007473AB /* Build configuration list for PBXProject "HelloRealityKit" */ = {
			isa = XCConfigurationList;
			buildConfigurations = (
				91A110692AE4D82F007473AB /* Debug */,
				91A1106A2AE4D82F007473AB /* Release */,
			);
			defaultConfigurationIsVisible = 0;
			defaultConfigurationName = Release;
		};
		91A1106B2AE4D82F007473AB /* Build configuration list for PBXNativeTarget "HelloRealityKit" */ = {
			isa = XCConfigurationList;
			buildConfigurations = (
				91A1106C2AE4D82F007473AB /* Debug */,
				91A1106D2AE4D82F007473AB /* Release */,
			);
			defaultConfigurationIsVisible = 0;
			defaultConfigurationName = Release;
		};
		91A1106E2AE4D82F007473AB /* Build configuration list for PBXNativeTarget "HelloRealityKitTests" */ = {
			isa = XCConfigurationList;
			buildConfigurations = (
				91A1106F2AE4D82F007473AB /* Debug */,
				91A110702AE4D82F007473AB /* Release */,
			);
			defaultConfigurationIsVisible = 0;
			defaultConfigurationName = Release;
		};
		91A110712AE4D82F007473AB /* Build configuration list for PBXNativeTarget "HelloRealityKitUITests" */ = {
			isa = XCConfigurationList;
			buildConfigurations = (
				91A110722AE4D82F007473AB /* Debug */,
				91A110732AE4D82F007473AB /* Release */,
			);
			defaultConfigurationIsVisible = 0;
			defaultConfigurationName = Release;
		};
/* End XCConfigurationList section */
	};
	rootObject = 91A110392AE4D82A007473AB /* Project object */;
}
